
Microsoft Visual Studio Solution File, Format Version 12.00
# Visual Studio Version 16
VisualStudioVersion = 16.0.28917.181
MinimumVisualStudioVersion = 10.0.40219.1
Project("{FAE04EC0-301F-11D3-BF4B-00C04F79EFBC}") = "CollabProject", "CollabProject.csproj", "{B9C4AAC5-CA28-4D46-A563-EE1FA61C0E83}"
EndProject
Global
	GlobalSection(SolutionConfigurationPlatforms) = preSolution
		Debug|Any CPU = Debug|Any CPU
		Release|Any CPU = Release|Any CPU
	EndGlobalSection
	GlobalSection(ProjectConfigurationPlatforms) = postSolution
		{B9C4AAC5-CA28-4D46-A563-EE1FA61C0E83}.Debug|Any CPU.ActiveCfg = Debug|Any CPU
		{B9C4AAC5-CA28-4D46-A563-EE1FA61C0E83}.Debug|Any CPU.Build.0 = Debug|Any CPU
		{B9C4AAC5-CA28-4D46-A563-EE1FA61C0E83}.Release|Any CPU.ActiveCfg = Release|Any CPU
		{B9C4AAC5-CA28-4D46-A563-EE1FA61C0E83}.Release|Any CPU.Build.0 = Release|Any CPU
	EndGlobalSection
	GlobalSection(SolutionProperties) = preSolution
		HideSolutionNode = FALSE
	EndGlobalSection
	GlobalSection(ExtensibilityGlobals) = postSolution
		SolutionGuid = {BAA0010E-539C-47F3-8CB1-B643197F452E}
	EndGlobalSection
EndGlobal
